
Microsoft Visual Studio Solution File, Format Version 12.00
# Visual Studio Version 17
VisualStudioVersion = 17.6.33829.357
MinimumVisualStudioVersion = 10.0.40219.1
Project("{FAE04EC0-301F-11D3-BF4B-00C04F79EFBC}") = "WebAppThree", "WebAppThree\WebAppThree.csproj", "{FCC2F8E5-B11C-42DA-9D09-FE60496936CD}"
EndProject
Global
	GlobalSection(SolutionConfigurationPlatforms) = preSolution
		Debug|Any CPU = Debug|Any CPU
		Release|Any CPU = Release|Any CPU
	EndGlobalSection
	GlobalSection(ProjectConfigurationPlatforms) = postSolution
		{FCC2F8E5-B11C-42DA-9D09-FE60496936CD}.Debug|Any CPU.ActiveCfg = Debug|Any CPU
		{FCC2F8E5-B11C-42DA-9D09-FE60496936CD}.Debug|Any CPU.Build.0 = Debug|Any CPU
		{FCC2F8E5-B11C-42DA-9D09-FE60496936CD}.Release|Any CPU.ActiveCfg = Release|Any CPU
		{FCC2F8E5-B11C-42DA-9D09-FE60496936CD}.Release|Any CPU.Build.0 = Release|Any CPU
	EndGlobalSection
	GlobalSection(SolutionProperties) = preSolution
		HideSolutionNode = FALSE
	EndGlobalSection
	GlobalSection(ExtensibilityGlobals) = postSolution
		SolutionGuid = {0F173962-F117-4D31-9AB1-C055DB1CE036}
	EndGlobalSection
EndGlobal
